{
  "name": "mrgreenify-browser-extension",
  "lockfileVersion": 3,
  "requires": true,
  "packages": {
    "": {
      "devDependencies": {
        "@types/chrome": "^0.0.269"
      }
    },
    "node_modules/@types/chrome": {
      "version": "0.0.269",
      "resolved": "https://registry.npmjs.org/@types/chrome/-/chrome-0.0.269.tgz",
      "integrity": "sha512-vF7x8YywnhXX2F06njQ/OE7a3Qeful43C5GUOsUksXWk89WoSFUU3iLeZW8lDpVO9atm8iZIEiLQTRC3H7NOXQ==",
      "dev": true,
      "dependencies": {
        "@types/filesystem": "*",
        "@types/har-format": "*"
      }
    },
    "node_modules/@types/filesystem": {
      "version": "0.0.36",
      "resolved": "https://registry.npmjs.org/@types/filesystem/-/filesystem-0.0.36.tgz",
      "integrity": "sha512-vPDXOZuannb9FZdxgHnqSwAG/jvdGM8Wq+6N4D/d80z+D4HWH+bItqsZaVRQykAn6WEVeEkLm2oQigyHtgb0RA==",
      "dev": true,
      "dependencies": {
        "@types/filewriter": "*"
      }
    },
    "node_modules/@types/filewriter": {
      "version": "0.0.33",
      "resolved": "https://registry.npmjs.org/@types/filewriter/-/filewriter-0.0.33.tgz",
      "integrity": "sha512-xFU8ZXTw4gd358lb2jw25nxY9QAgqn2+bKKjKOYfNCzN4DKCFetK7sPtrlpg66Ywe3vWY9FNxprZawAh9wfJ3g==",
      "dev": true
    },
    "node_modules/@types/har-format": {
      "version": "1.2.15",
      "resolved": "https://registry.npmjs.org/@types/har-format/-/har-format-1.2.15.tgz",
      "integrity": "sha512-RpQH4rXLuvTXKR0zqHq3go0RVXYv/YVqv4TnPH95VbwUxZdQlK1EtcMvQvMpDngHbt13Csh9Z4qT9AbkiQH5BA==",
      "dev": true
    },
    "node_modules/chrome-types": {
      "version": "0.1.297",
      "resolved": "https://registry.npmjs.org/chrome-types/-/chrome-types-0.1.297.tgz",
      "integrity": "sha512-pVvyKx+JBZ5jh08bU6qL2IepJItfVOyGeMJtxfi9T5/LBXGbRlbCm7wMUvW51VqqGniPwJjtU20/M0oxH/wsFg==",
      "dev": true
    }
  }
}
